
Microsoft Visual Studio Solution File, Format Version 12.00
# Visual Studio Version 17
VisualStudioVersion = 17.3.32901.215
MinimumVisualStudioVersion = 10.0.40219.1
Project("{FAE04EC0-301F-11D3-BF4B-00C04F79EFBC}") = "IntroToGitHubFE", "IntroToGitHubFE\IntroToGitHubFE.csproj", "{70EA911E-9A95-4454-8718-2A8927100FD9}"
EndProject
Global
	GlobalSection(SolutionConfigurationPlatforms) = preSolution
		Debug|Any CPU = Debug|Any CPU
		Release|Any CPU = Release|Any CPU
	EndGlobalSection
	GlobalSection(ProjectConfigurationPlatforms) = postSolution
		{70EA911E-9A95-4454-8718-2A8927100FD9}.Debug|Any CPU.ActiveCfg = Debug|Any CPU
		{70EA911E-9A95-4454-8718-2A8927100FD9}.Debug|Any CPU.Build.0 = Debug|Any CPU
		{70EA911E-9A95-4454-8718-2A8927100FD9}.Release|Any CPU.ActiveCfg = Release|Any CPU
		{70EA911E-9A95-4454-8718-2A8927100FD9}.Release|Any CPU.Build.0 = Release|Any CPU
	EndGlobalSection
	GlobalSection(SolutionProperties) = preSolution
		HideSolutionNode = FALSE
	EndGlobalSection
	GlobalSection(ExtensibilityGlobals) = postSolution
		SolutionGuid = {AC8332AF-6E40-4725-A570-3841805097D8}
	EndGlobalSection
EndGlobal
